{
  "requires": true,
  "lockfileVersion": 1,
  "dependencies": {
    "vue-router": {
      "version": "3.4.3",
      "resolved": "https://registry.npmjs.org/vue-router/-/vue-router-3.4.3.tgz",
      "integrity": "sha512-BADg1mjGWX18Dpmy6bOGzGNnk7B/ZA0RxuA6qedY/YJwirMfKXIDzcccmHbQI0A6k5PzMdMloc0ElHfyOoX35A=="
    }
  }
}
